
Microsoft Visual Studio Solution File, Format Version 12.00
# Visual Studio 14
VisualStudioVersion = 14.0.22512.0
MinimumVisualStudioVersion = 10.0.40219.1
Project("{FAE04EC0-301F-11D3-BF4B-00C04F79EFBC}") = "AR_Trace", "AR_Trace\AR_Trace.csproj", "{13A45C13-3265-47B8-BC48-A553B569DF55}"
		{d81453c1-df5f-403f-9d15-d2a2bb8bbf72} = {d81453c1-df5f-403f-9d15-d2a2bb8bbf72}
		{4cc033c7-9989-4124-8e08-e1ff3520cdff} = {4cc033c7-9989-4124-8e08-e1ff3520cdff}
EndProject
Project("{FAE04EC0-301F-11D3-BF4B-00C04F79EFBC}") = "Assembly-CSharp", "E:\UnityProjects\AR_Trace\App\GeneratedProjects\UWP\Assembly-CSharp\Assembly-CSharp.csproj", "{d81453c1-df5f-403f-9d15-d2a2bb8bbf72}"
EndProject
Project("{FAE04EC0-301F-11D3-BF4B-00C04F79EFBC}") = "Assembly-CSharp-firstpass", "E:\UnityProjects\AR_Trace\App\GeneratedProjects\UWP\Assembly-CSharp-firstpass\Assembly-CSharp-firstpass.csproj", "{4cc033c7-9989-4124-8e08-e1ff3520cdff}"
EndProject
Global
	GlobalSection(SolutionConfigurationPlatforms) = preSolution
		Debug|ARM = Debug|ARM
		Debug|x64 = Debug|x64
		Debug|x86 = Debug|x86
		Master|ARM = Master|ARM
		Master|x64 = Master|x64
		Master|x86 = Master|x86
		Release|ARM = Release|ARM
		Release|x64 = Release|x64
		Release|x86 = Release|x86
	EndGlobalSection
	GlobalSection(ProjectConfigurationPlatforms) = postSolution
		{13A45C13-3265-47B8-BC48-A553B569DF55}.Debug|ARM.ActiveCfg = Debug|ARM
		{13A45C13-3265-47B8-BC48-A553B569DF55}.Debug|ARM.Build.0 = Debug|ARM
		{13A45C13-3265-47B8-BC48-A553B569DF55}.Debug|ARM.Deploy.0 = Debug|ARM
		{13A45C13-3265-47B8-BC48-A553B569DF55}.Debug|x64.ActiveCfg = Debug|x64
		{13A45C13-3265-47B8-BC48-A553B569DF55}.Debug|x64.Build.0 = Debug|x64
		{13A45C13-3265-47B8-BC48-A553B569DF55}.Debug|x64.Deploy.0 = Debug|x64
		{13A45C13-3265-47B8-BC48-A553B569DF55}.Debug|x86.ActiveCfg = Debug|x86
		{13A45C13-3265-47B8-BC48-A553B569DF55}.Debug|x86.Build.0 = Debug|x86
		{13A45C13-3265-47B8-BC48-A553B569DF55}.Debug|x86.Deploy.0 = Debug|x86
		{13A45C13-3265-47B8-BC48-A553B569DF55}.Master|ARM.ActiveCfg = Master|ARM
		{13A45C13-3265-47B8-BC48-A553B569DF55}.Master|ARM.Build.0 = Master|ARM
		{13A45C13-3265-47B8-BC48-A553B569DF55}.Master|ARM.Deploy.0 = Master|ARM
		{13A45C13-3265-47B8-BC48-A553B569DF55}.Master|x64.ActiveCfg = Master|x64
		{13A45C13-3265-47B8-BC48-A553B569DF55}.Master|x64.Build.0 = Master|x64
		{13A45C13-3265-47B8-BC48-A553B569DF55}.Master|x64.Deploy.0 = Master|x64
		{13A45C13-3265-47B8-BC48-A553B569DF55}.Master|x86.ActiveCfg = Master|x86
		{13A45C13-3265-47B8-BC48-A553B569DF55}.Master|x86.Build.0 = Master|x86
		{13A45C13-3265-47B8-BC48-A553B569DF55}.Master|x86.Deploy.0 = Master|x86
		{13A45C13-3265-47B8-BC48-A553B569DF55}.Release|ARM.ActiveCfg = Release|ARM
		{13A45C13-3265-47B8-BC48-A553B569DF55}.Release|ARM.Build.0 = Release|ARM
		{13A45C13-3265-47B8-BC48-A553B569DF55}.Release|ARM.Deploy.0 = Release|ARM
		{13A45C13-3265-47B8-BC48-A553B569DF55}.Release|x64.ActiveCfg = Release|x64
		{13A45C13-3265-47B8-BC48-A553B569DF55}.Release|x64.Build.0 = Release|x64
		{13A45C13-3265-47B8-BC48-A553B569DF55}.Release|x64.Deploy.0 = Release|x64
		{13A45C13-3265-47B8-BC48-A553B569DF55}.Release|x86.ActiveCfg = Release|x86
		{13A45C13-3265-47B8-BC48-A553B569DF55}.Release|x86.Build.0 = Release|x86
		{13A45C13-3265-47B8-BC48-A553B569DF55}.Release|x86.Deploy.0 = Release|x86
		{d81453c1-df5f-403f-9d15-d2a2bb8bbf72}.Debug|x86.ActiveCfg = Debug|x86
		{d81453c1-df5f-403f-9d15-d2a2bb8bbf72}.Debug|x86.Build.0 = Debug|x86
		{d81453c1-df5f-403f-9d15-d2a2bb8bbf72}.Release|x86.ActiveCfg = Release|x86
		{d81453c1-df5f-403f-9d15-d2a2bb8bbf72}.Release|x86.Build.0 = Release|x86
		{d81453c1-df5f-403f-9d15-d2a2bb8bbf72}.Master|x86.ActiveCfg = Master|x86
		{d81453c1-df5f-403f-9d15-d2a2bb8bbf72}.Master|x86.Build.0 = Master|x86
		{d81453c1-df5f-403f-9d15-d2a2bb8bbf72}.Debug|x64.ActiveCfg = Debug|x64
		{d81453c1-df5f-403f-9d15-d2a2bb8bbf72}.Debug|x64.Build.0 = Debug|x64
		{d81453c1-df5f-403f-9d15-d2a2bb8bbf72}.Release|x64.ActiveCfg = Release|x64
		{d81453c1-df5f-403f-9d15-d2a2bb8bbf72}.Release|x64.Build.0 = Release|x64
		{d81453c1-df5f-403f-9d15-d2a2bb8bbf72}.Master|x64.ActiveCfg = Master|x64
		{d81453c1-df5f-403f-9d15-d2a2bb8bbf72}.Master|x64.Build.0 = Master|x64
		{d81453c1-df5f-403f-9d15-d2a2bb8bbf72}.Debug|ARM.ActiveCfg = Debug|ARM
		{d81453c1-df5f-403f-9d15-d2a2bb8bbf72}.Debug|ARM.Build.0 = Debug|ARM
		{d81453c1-df5f-403f-9d15-d2a2bb8bbf72}.Release|ARM.ActiveCfg = Release|ARM
		{d81453c1-df5f-403f-9d15-d2a2bb8bbf72}.Release|ARM.Build.0 = Release|ARM
		{d81453c1-df5f-403f-9d15-d2a2bb8bbf72}.Master|ARM.ActiveCfg = Master|ARM
		{d81453c1-df5f-403f-9d15-d2a2bb8bbf72}.Master|ARM.Build.0 = Master|ARM
		{4cc033c7-9989-4124-8e08-e1ff3520cdff}.Debug|x86.ActiveCfg = Debug|x86
		{4cc033c7-9989-4124-8e08-e1ff3520cdff}.Debug|x86.Build.0 = Debug|x86
		{4cc033c7-9989-4124-8e08-e1ff3520cdff}.Release|x86.ActiveCfg = Release|x86
		{4cc033c7-9989-4124-8e08-e1ff3520cdff}.Release|x86.Build.0 = Release|x86
		{4cc033c7-9989-4124-8e08-e1ff3520cdff}.Master|x86.ActiveCfg = Master|x86
		{4cc033c7-9989-4124-8e08-e1ff3520cdff}.Master|x86.Build.0 = Master|x86
		{4cc033c7-9989-4124-8e08-e1ff3520cdff}.Debug|ARM.ActiveCfg = Debug|ARM
		{4cc033c7-9989-4124-8e08-e1ff3520cdff}.Debug|ARM.Build.0 = Debug|ARM
		{4cc033c7-9989-4124-8e08-e1ff3520cdff}.Release|ARM.ActiveCfg = Release|ARM
		{4cc033c7-9989-4124-8e08-e1ff3520cdff}.Release|ARM.Build.0 = Release|ARM
		{4cc033c7-9989-4124-8e08-e1ff3520cdff}.Master|ARM.ActiveCfg = Master|ARM
		{4cc033c7-9989-4124-8e08-e1ff3520cdff}.Master|ARM.Build.0 = Master|ARM
 EndGlobalSection
	GlobalSection(SolutionProperties) = preSolution
		HideSolutionNode = FALSE
	EndGlobalSection
EndGlobal
